
Microsoft Visual Studio Solution File, Format Version 12.00
# Visual Studio Version 17
VisualStudioVersion = 17.3.32929.385
MinimumVisualStudioVersion = 10.0.40219.1
Project("{FAE04EC0-301F-11D3-BF4B-00C04F79EFBC}") = "IndependentStudy221115", "IndependentStudy221115\IndependentStudy221115.csproj", "{14282CE4-6335-4CE2-9F82-BF8CA9A67D65}"
EndProject
Global
	GlobalSection(SolutionConfigurationPlatforms) = preSolution
		Debug|Any CPU = Debug|Any CPU
		Release|Any CPU = Release|Any CPU
	EndGlobalSection
	GlobalSection(ProjectConfigurationPlatforms) = postSolution
		{14282CE4-6335-4CE2-9F82-BF8CA9A67D65}.Debug|Any CPU.ActiveCfg = Debug|Any CPU
		{14282CE4-6335-4CE2-9F82-BF8CA9A67D65}.Debug|Any CPU.Build.0 = Debug|Any CPU
		{14282CE4-6335-4CE2-9F82-BF8CA9A67D65}.Release|Any CPU.ActiveCfg = Release|Any CPU
		{14282CE4-6335-4CE2-9F82-BF8CA9A67D65}.Release|Any CPU.Build.0 = Release|Any CPU
	EndGlobalSection
	GlobalSection(SolutionProperties) = preSolution
		HideSolutionNode = FALSE
	EndGlobalSection
	GlobalSection(ExtensibilityGlobals) = postSolution
		SolutionGuid = {6289A4AA-7180-4F4A-9AAD-8A491DE52198}
	EndGlobalSection
EndGlobal
